
Microsoft Visual Studio Solution File, Format Version 12.00
# Visual Studio 2012
Project("{2150E333-8FDC-42A3-9474-1A3956D46DE8}") = "NodeJS", "NodeJS", "{8C087DA9-2D60-45EA-BFF4-D08DCE611849}"
EndProject
Project("{2150E333-8FDC-42A3-9474-1A3956D46DE8}") = "SimpleNodeJSFileBrowser", "SimpleNodeJSFileBrowser", "{1E423E7B-8C8B-40F8-81FB-FC6470A58978}"
EndProject
Project("{FAE04EC0-301F-11D3-BF4B-00C04F79EFBC}") = "SimpleNodeJSFileBrowser", "NodeJS\SimpleNodeJSFileBrowser\SimpleNodeJSFileBrowser\SimpleNodeJSFileBrowser.csproj", "{9E082324-ECCD-4443-A7BA-BE47DAA6272E}"
EndProject
Project("{2150E333-8FDC-42A3-9474-1A3956D46DE8}") = "ModularizedNodeJSFileBrowser", "ModularizedNodeJSFileBrowser", "{2B432539-1290-4D45-A1D7-48E522149F55}"
EndProject
Project("{FAE04EC0-301F-11D3-BF4B-00C04F79EFBC}") = "ModularizedNodeJSFileBrowser", "NodeJS\ModularizedNodeJSFileBrowser\ModularizedNodeJSFileBrowser\ModularizedNodeJSFileBrowser.csproj", "{E9F2E1C0-40D2-4866-BB26-7FC228E02D8E}"
EndProject
Project("{FAE04EC0-301F-11D3-BF4B-00C04F79EFBC}") = "DirectoryEnumerator", "NodeJS\ModularizedNodeJSFileBrowser\DirectoryEnumerator\DirectoryEnumerator.csproj", "{B7AF4054-37A3-4B43-9B99-9A08D109577A}"
EndProject
Project("{2150E333-8FDC-42A3-9474-1A3956D46DE8}") = "Web", "Web", "{74AB245C-5D22-4203-9AA0-3C37E0D3E368}"
EndProject
Project("{2150E333-8FDC-42A3-9474-1A3956D46DE8}") = "HelloWorld", "HelloWorld", "{DBAD130D-59D5-4439-970E-2A17D5E94719}"
EndProject
Project("{FAE04EC0-301F-11D3-BF4B-00C04F79EFBC}") = "HelloWorldScript", "Web\HelloWorld\HelloWorldScript\HelloWorldScript.csproj", "{551BE34B-9FF0-4B89-B2C7-98233059FE85}"
EndProject
Project("{FAE04EC0-301F-11D3-BF4B-00C04F79EFBC}") = "HelloWorldWeb", "Web\HelloWorld\HelloWorldWeb\HelloWorldWeb.csproj", "{7244AD6F-D975-4CDC-9752-C5F75CBF7A4F}"
EndProject
Project("{2150E333-8FDC-42A3-9474-1A3956D46DE8}") = "HelloWorld", "HelloWorld", "{D086C119-5C5A-4C2A-BDBC-5FD3C7F17857}"
EndProject
Project("{FAE04EC0-301F-11D3-BF4B-00C04F79EFBC}") = "HelloWorld", "NodeJS\HelloWorld\HelloWorld\HelloWorld.csproj", "{B737DBC7-D45D-4DA6-831A-2E332B9C3C4B}"
EndProject
Project("{2150E333-8FDC-42A3-9474-1A3956D46DE8}") = "InteractiveJQueryUI", "InteractiveJQueryUI", "{CA19AEA0-179F-49E3-812D-E526D0D87F2A}"
EndProject
Project("{FAE04EC0-301F-11D3-BF4B-00C04F79EFBC}") = "InteractiveJQueryUIScript", "Web\InteractiveJQueryUI\InteractiveJQueryUIScript\InteractiveJQueryUIScript.csproj", "{F676FF32-E198-4051-8598-4389CAF348BA}"
EndProject
Project("{FAE04EC0-301F-11D3-BF4B-00C04F79EFBC}") = "InteractiveJQueryUIWeb", "Web\InteractiveJQueryUI\InteractiveJQueryUIWeb\InteractiveJQueryUIWeb.csproj", "{70D9FEE9-4A99-456D-890C-59BB691F84BB}"
	ProjectSection(ProjectDependencies) = postProject
		{F676FF32-E198-4051-8598-4389CAF348BA} = {F676FF32-E198-4051-8598-4389CAF348BA}
	EndProjectSection
EndProject
Global
	GlobalSection(SolutionConfigurationPlatforms) = preSolution
		Debug|Any CPU = Debug|Any CPU
		Release|Any CPU = Release|Any CPU
	EndGlobalSection
	GlobalSection(ProjectConfigurationPlatforms) = postSolution
		{9E082324-ECCD-4443-A7BA-BE47DAA6272E}.Debug|Any CPU.ActiveCfg = Debug|Any CPU
		{9E082324-ECCD-4443-A7BA-BE47DAA6272E}.Debug|Any CPU.Build.0 = Debug|Any CPU
		{9E082324-ECCD-4443-A7BA-BE47DAA6272E}.Release|Any CPU.ActiveCfg = Release|Any CPU
		{9E082324-ECCD-4443-A7BA-BE47DAA6272E}.Release|Any CPU.Build.0 = Release|Any CPU
		{E9F2E1C0-40D2-4866-BB26-7FC228E02D8E}.Debug|Any CPU.ActiveCfg = Debug|Any CPU
		{E9F2E1C0-40D2-4866-BB26-7FC228E02D8E}.Debug|Any CPU.Build.0 = Debug|Any CPU
		{E9F2E1C0-40D2-4866-BB26-7FC228E02D8E}.Release|Any CPU.ActiveCfg = Release|Any CPU
		{E9F2E1C0-40D2-4866-BB26-7FC228E02D8E}.Release|Any CPU.Build.0 = Release|Any CPU
		{B7AF4054-37A3-4B43-9B99-9A08D109577A}.Debug|Any CPU.ActiveCfg = Debug|Any CPU
		{B7AF4054-37A3-4B43-9B99-9A08D109577A}.Debug|Any CPU.Build.0 = Debug|Any CPU
		{B7AF4054-37A3-4B43-9B99-9A08D109577A}.Release|Any CPU.ActiveCfg = Release|Any CPU
		{B7AF4054-37A3-4B43-9B99-9A08D109577A}.Release|Any CPU.Build.0 = Release|Any CPU
		{551BE34B-9FF0-4B89-B2C7-98233059FE85}.Debug|Any CPU.ActiveCfg = Debug|Any CPU
		{551BE34B-9FF0-4B89-B2C7-98233059FE85}.Debug|Any CPU.Build.0 = Debug|Any CPU
		{551BE34B-9FF0-4B89-B2C7-98233059FE85}.Release|Any CPU.ActiveCfg = Release|Any CPU
		{551BE34B-9FF0-4B89-B2C7-98233059FE85}.Release|Any CPU.Build.0 = Release|Any CPU
		{7244AD6F-D975-4CDC-9752-C5F75CBF7A4F}.Debug|Any CPU.ActiveCfg = Debug|Any CPU
		{7244AD6F-D975-4CDC-9752-C5F75CBF7A4F}.Debug|Any CPU.Build.0 = Debug|Any CPU
		{7244AD6F-D975-4CDC-9752-C5F75CBF7A4F}.Release|Any CPU.ActiveCfg = Release|Any CPU
		{7244AD6F-D975-4CDC-9752-C5F75CBF7A4F}.Release|Any CPU.Build.0 = Release|Any CPU
		{B737DBC7-D45D-4DA6-831A-2E332B9C3C4B}.Debug|Any CPU.ActiveCfg = Debug|Any CPU
		{B737DBC7-D45D-4DA6-831A-2E332B9C3C4B}.Debug|Any CPU.Build.0 = Debug|Any CPU
		{B737DBC7-D45D-4DA6-831A-2E332B9C3C4B}.Release|Any CPU.ActiveCfg = Release|Any CPU
		{B737DBC7-D45D-4DA6-831A-2E332B9C3C4B}.Release|Any CPU.Build.0 = Release|Any CPU
		{F676FF32-E198-4051-8598-4389CAF348BA}.Debug|Any CPU.ActiveCfg = Debug|Any CPU
		{F676FF32-E198-4051-8598-4389CAF348BA}.Debug|Any CPU.Build.0 = Debug|Any CPU
		{F676FF32-E198-4051-8598-4389CAF348BA}.Release|Any CPU.ActiveCfg = Release|Any CPU
		{F676FF32-E198-4051-8598-4389CAF348BA}.Release|Any CPU.Build.0 = Release|Any CPU
		{70D9FEE9-4A99-456D-890C-59BB691F84BB}.Debug|Any CPU.ActiveCfg = Debug|Any CPU
		{70D9FEE9-4A99-456D-890C-59BB691F84BB}.Debug|Any CPU.Build.0 = Debug|Any CPU
		{70D9FEE9-4A99-456D-890C-59BB691F84BB}.Release|Any CPU.ActiveCfg = Release|Any CPU
		{70D9FEE9-4A99-456D-890C-59BB691F84BB}.Release|Any CPU.Build.0 = Release|Any CPU
	EndGlobalSection
	GlobalSection(SolutionProperties) = preSolution
		HideSolutionNode = FALSE
	EndGlobalSection
	GlobalSection(NestedProjects) = preSolution
		{1E423E7B-8C8B-40F8-81FB-FC6470A58978} = {8C087DA9-2D60-45EA-BFF4-D08DCE611849}
		{2B432539-1290-4D45-A1D7-48E522149F55} = {8C087DA9-2D60-45EA-BFF4-D08DCE611849}
		{D086C119-5C5A-4C2A-BDBC-5FD3C7F17857} = {8C087DA9-2D60-45EA-BFF4-D08DCE611849}
		{9E082324-ECCD-4443-A7BA-BE47DAA6272E} = {1E423E7B-8C8B-40F8-81FB-FC6470A58978}
		{E9F2E1C0-40D2-4866-BB26-7FC228E02D8E} = {2B432539-1290-4D45-A1D7-48E522149F55}
		{B7AF4054-37A3-4B43-9B99-9A08D109577A} = {2B432539-1290-4D45-A1D7-48E522149F55}
		{DBAD130D-59D5-4439-970E-2A17D5E94719} = {74AB245C-5D22-4203-9AA0-3C37E0D3E368}
		{CA19AEA0-179F-49E3-812D-E526D0D87F2A} = {74AB245C-5D22-4203-9AA0-3C37E0D3E368}
		{551BE34B-9FF0-4B89-B2C7-98233059FE85} = {DBAD130D-59D5-4439-970E-2A17D5E94719}
		{7244AD6F-D975-4CDC-9752-C5F75CBF7A4F} = {DBAD130D-59D5-4439-970E-2A17D5E94719}
		{B737DBC7-D45D-4DA6-831A-2E332B9C3C4B} = {D086C119-5C5A-4C2A-BDBC-5FD3C7F17857}
		{F676FF32-E198-4051-8598-4389CAF348BA} = {CA19AEA0-179F-49E3-812D-E526D0D87F2A}
		{70D9FEE9-4A99-456D-890C-59BB691F84BB} = {CA19AEA0-179F-49E3-812D-E526D0D87F2A}
	EndGlobalSection
EndGlobal
